
Microsoft Visual Studio Solution File, Format Version 12.00
# Visual Studio 15
Project("{FAE04EC0-301F-11D3-BF4B-00C04F79EFBC}") = "UnityEditor.UI", "UnityEditor.UI.csproj", "{4EE880FA-D0CC-20F6-8EF2-43CEBA7AA75F}"
EndProject
Project("{FAE04EC0-301F-11D3-BF4B-00C04F79EFBC}") = "UnityEngine.UI", "UnityEngine.UI.csproj", "{8998BCAF-6B51-6933-E7FE-9BC74D613CD4}"
EndProject
Project("{FAE04EC0-301F-11D3-BF4B-00C04F79EFBC}") = "Assembly-CSharp", "Assembly-CSharp.csproj", "{D06E2A7C-3639-DD28-38DA-E9BE03E54225}"
EndProject
Project("{FAE04EC0-301F-11D3-BF4B-00C04F79EFBC}") = "Unity.2D.Sprite.Editor", "Unity.2D.Sprite.Editor.csproj", "{D8BAA131-1248-FEBD-6063-2C45C08860A7}"
EndProject
Global
	GlobalSection(SolutionConfigurationPlatforms) = preSolution
		Debug|Any CPU = Debug|Any CPU
		Release|Any CPU = Release|Any CPU
	EndGlobalSection
	GlobalSection(ProjectConfigurationPlatforms) = postSolution
		{4EE880FA-D0CC-20F6-8EF2-43CEBA7AA75F}.Debug|Any CPU.ActiveCfg = Debug|Any CPU
		{4EE880FA-D0CC-20F6-8EF2-43CEBA7AA75F}.Debug|Any CPU.Build.0 = Debug|Any CPU
		{4EE880FA-D0CC-20F6-8EF2-43CEBA7AA75F}.Release|Any CPU.ActiveCfg = Release|Any CPU
		{4EE880FA-D0CC-20F6-8EF2-43CEBA7AA75F}.Release|Any CPU.Build.0 = Release|Any CPU
		{8998BCAF-6B51-6933-E7FE-9BC74D613CD4}.Debug|Any CPU.ActiveCfg = Debug|Any CPU
		{8998BCAF-6B51-6933-E7FE-9BC74D613CD4}.Debug|Any CPU.Build.0 = Debug|Any CPU
		{8998BCAF-6B51-6933-E7FE-9BC74D613CD4}.Release|Any CPU.ActiveCfg = Release|Any CPU
		{8998BCAF-6B51-6933-E7FE-9BC74D613CD4}.Release|Any CPU.Build.0 = Release|Any CPU
		{D06E2A7C-3639-DD28-38DA-E9BE03E54225}.Debug|Any CPU.ActiveCfg = Debug|Any CPU
		{D06E2A7C-3639-DD28-38DA-E9BE03E54225}.Debug|Any CPU.Build.0 = Debug|Any CPU
		{D06E2A7C-3639-DD28-38DA-E9BE03E54225}.Release|Any CPU.ActiveCfg = Release|Any CPU
		{D06E2A7C-3639-DD28-38DA-E9BE03E54225}.Release|Any CPU.Build.0 = Release|Any CPU
		{D8BAA131-1248-FEBD-6063-2C45C08860A7}.Debug|Any CPU.ActiveCfg = Debug|Any CPU
		{D8BAA131-1248-FEBD-6063-2C45C08860A7}.Debug|Any CPU.Build.0 = Debug|Any CPU
		{D8BAA131-1248-FEBD-6063-2C45C08860A7}.Release|Any CPU.ActiveCfg = Release|Any CPU
		{D8BAA131-1248-FEBD-6063-2C45C08860A7}.Release|Any CPU.Build.0 = Release|Any CPU
	EndGlobalSection
	GlobalSection(SolutionProperties) = preSolution
		HideSolutionNode = FALSE
	EndGlobalSection
EndGlobal
